
Microsoft Visual Studio Solution File, Format Version 12.00
# Visual Studio 2013
VisualStudioVersion = 12.0.40629.0
MinimumVisualStudioVersion = 10.0.40219.1
Project("{FAE04EC0-301F-11D3-BF4B-00C04F79EFBC}") = "OOK Project Template", "OOK Project Template\OOK Project Template.csproj", "{4F2FDAAF-913B-493D-92A0-C0045EADF555}"
EndProject
Project("{FAE04EC0-301F-11D3-BF4B-00C04F79EFBC}") = "OOKTestProject", "..\..\OOKTestProject\OOKTestProject.csproj", "{CFC90CFB-0031-4695-AD42-04E316D6D8C2}"
EndProject
Project("{FAE04EC0-301F-11D3-BF4B-00C04F79EFBC}") = "ItemTemplate1", "ItemTemplate1\ItemTemplate1.csproj", "{1589BF8A-EA99-434E-AC65-8387C50D2805}"
EndProject
Global
	GlobalSection(SolutionConfigurationPlatforms) = preSolution
		Debug|Any CPU = Debug|Any CPU
		Release|Any CPU = Release|Any CPU
	EndGlobalSection
	GlobalSection(ProjectConfigurationPlatforms) = postSolution
		{4F2FDAAF-913B-493D-92A0-C0045EADF555}.Debug|Any CPU.ActiveCfg = Debug|Any CPU
		{4F2FDAAF-913B-493D-92A0-C0045EADF555}.Debug|Any CPU.Build.0 = Debug|Any CPU
		{4F2FDAAF-913B-493D-92A0-C0045EADF555}.Release|Any CPU.ActiveCfg = Release|Any CPU
		{4F2FDAAF-913B-493D-92A0-C0045EADF555}.Release|Any CPU.Build.0 = Release|Any CPU
		{CFC90CFB-0031-4695-AD42-04E316D6D8C2}.Debug|Any CPU.ActiveCfg = Debug|Any CPU
		{CFC90CFB-0031-4695-AD42-04E316D6D8C2}.Release|Any CPU.ActiveCfg = Release|Any CPU
		{1589BF8A-EA99-434E-AC65-8387C50D2805}.Debug|Any CPU.ActiveCfg = Debug|Any CPU
		{1589BF8A-EA99-434E-AC65-8387C50D2805}.Release|Any CPU.ActiveCfg = Release|Any CPU
	EndGlobalSection
	GlobalSection(SolutionProperties) = preSolution
		HideSolutionNode = FALSE
	EndGlobalSection
EndGlobal
